
Microsoft Visual Studio Solution File, Format Version 12.00
# Visual Studio Version 16
VisualStudioVersion = 16.0.30804.86
MinimumVisualStudioVersion = 10.0.40219.1
Project("{FAE04EC0-301F-11D3-BF4B-00C04F79EFBC}") = "SetsandDictionaries", "SetsandDictionaries\SetsandDictionaries.csproj", "{9A3804DC-1F08-4EAF-A562-21B6B9DAAC0E}"
EndProject
Project("{FAE04EC0-301F-11D3-BF4B-00C04F79EFBC}") = "02.AverageStudentGrades", "02.AverageStudentGrades\02.AverageStudentGrades.csproj", "{41C3808C-922B-4061-9B92-E9067BDC659A}"
EndProject
Global
	GlobalSection(SolutionConfigurationPlatforms) = preSolution
		Debug|Any CPU = Debug|Any CPU
		Release|Any CPU = Release|Any CPU
	EndGlobalSection
	GlobalSection(ProjectConfigurationPlatforms) = postSolution
		{9A3804DC-1F08-4EAF-A562-21B6B9DAAC0E}.Debug|Any CPU.ActiveCfg = Debug|Any CPU
		{9A3804DC-1F08-4EAF-A562-21B6B9DAAC0E}.Debug|Any CPU.Build.0 = Debug|Any CPU
		{9A3804DC-1F08-4EAF-A562-21B6B9DAAC0E}.Release|Any CPU.ActiveCfg = Release|Any CPU
		{9A3804DC-1F08-4EAF-A562-21B6B9DAAC0E}.Release|Any CPU.Build.0 = Release|Any CPU
		{41C3808C-922B-4061-9B92-E9067BDC659A}.Debug|Any CPU.ActiveCfg = Debug|Any CPU
		{41C3808C-922B-4061-9B92-E9067BDC659A}.Debug|Any CPU.Build.0 = Debug|Any CPU
		{41C3808C-922B-4061-9B92-E9067BDC659A}.Release|Any CPU.ActiveCfg = Release|Any CPU
		{41C3808C-922B-4061-9B92-E9067BDC659A}.Release|Any CPU.Build.0 = Release|Any CPU
	EndGlobalSection
	GlobalSection(SolutionProperties) = preSolution
		HideSolutionNode = FALSE
	EndGlobalSection
	GlobalSection(ExtensibilityGlobals) = postSolution
		SolutionGuid = {FEC53095-1B9F-4170-AE7F-F7833D672C55}
	EndGlobalSection
EndGlobal
