
Microsoft Visual Studio Solution File, Format Version 12.00
# Visual Studio Version 16
VisualStudioVersion = 16.0.30804.86
MinimumVisualStudioVersion = 10.0.40219.1
Project("{FAE04EC0-301F-11D3-BF4B-00C04F79EFBC}") = "SetsandDictionaries", "SetsandDictionaries\SetsandDictionaries.csproj", "{9A3804DC-1F08-4EAF-A562-21B6B9DAAC0E}"
EndProject
Project("{FAE04EC0-301F-11D3-BF4B-00C04F79EFBC}") = "02.AverageStudentGrades", "02.AverageStudentGrades\02.AverageStudentGrades.csproj", "{41C3808C-922B-4061-9B92-E9067BDC659A}"
EndProject
Project("{FAE04EC0-301F-11D3-BF4B-00C04F79EFBC}") = "03.ProductShop", "03.ProductShop\03.ProductShop.csproj", "{5A35221C-E8D5-43A1-873A-05BDAD079398}"
EndProject
Project("{FAE04EC0-301F-11D3-BF4B-00C04F79EFBC}") = "04.CititesbyContinentandCountry", "04.CititesbyContinentandCountry\04.CititesbyContinentandCountry.csproj", "{02E95F73-E424-4C77-935E-B8F4CA9F3C2C}"
EndProject
Project("{FAE04EC0-301F-11D3-BF4B-00C04F79EFBC}") = "05.RecordUniqueNames", "05.RecordUniqueNames\05.RecordUniqueNames.csproj", "{190146A2-127B-4E95-BD31-96B7C8E89D97}"
EndProject
Project("{FAE04EC0-301F-11D3-BF4B-00C04F79EFBC}") = "06.ParkingLot", "06.ParkingLot\06.ParkingLot.csproj", "{64EC1CB5-865F-43AD-B791-ACF81864E046}"
EndProject
Project("{FAE04EC0-301F-11D3-BF4B-00C04F79EFBC}") = "07.SoftUniParty", "07.SoftUniParty\07.SoftUniParty.csproj", "{1AB0AFFC-688F-4CC6-8D05-96EC6A78EA6C}"
EndProject
Global
	GlobalSection(SolutionConfigurationPlatforms) = preSolution
		Debug|Any CPU = Debug|Any CPU
		Release|Any CPU = Release|Any CPU
	EndGlobalSection
	GlobalSection(ProjectConfigurationPlatforms) = postSolution
		{9A3804DC-1F08-4EAF-A562-21B6B9DAAC0E}.Debug|Any CPU.ActiveCfg = Debug|Any CPU
		{9A3804DC-1F08-4EAF-A562-21B6B9DAAC0E}.Debug|Any CPU.Build.0 = Debug|Any CPU
		{9A3804DC-1F08-4EAF-A562-21B6B9DAAC0E}.Release|Any CPU.ActiveCfg = Release|Any CPU
		{9A3804DC-1F08-4EAF-A562-21B6B9DAAC0E}.Release|Any CPU.Build.0 = Release|Any CPU
		{41C3808C-922B-4061-9B92-E9067BDC659A}.Debug|Any CPU.ActiveCfg = Debug|Any CPU
		{41C3808C-922B-4061-9B92-E9067BDC659A}.Debug|Any CPU.Build.0 = Debug|Any CPU
		{41C3808C-922B-4061-9B92-E9067BDC659A}.Release|Any CPU.ActiveCfg = Release|Any CPU
		{41C3808C-922B-4061-9B92-E9067BDC659A}.Release|Any CPU.Build.0 = Release|Any CPU
		{5A35221C-E8D5-43A1-873A-05BDAD079398}.Debug|Any CPU.ActiveCfg = Debug|Any CPU
		{5A35221C-E8D5-43A1-873A-05BDAD079398}.Debug|Any CPU.Build.0 = Debug|Any CPU
		{5A35221C-E8D5-43A1-873A-05BDAD079398}.Release|Any CPU.ActiveCfg = Release|Any CPU
		{5A35221C-E8D5-43A1-873A-05BDAD079398}.Release|Any CPU.Build.0 = Release|Any CPU
		{02E95F73-E424-4C77-935E-B8F4CA9F3C2C}.Debug|Any CPU.ActiveCfg = Debug|Any CPU
		{02E95F73-E424-4C77-935E-B8F4CA9F3C2C}.Debug|Any CPU.Build.0 = Debug|Any CPU
		{02E95F73-E424-4C77-935E-B8F4CA9F3C2C}.Release|Any CPU.ActiveCfg = Release|Any CPU
		{02E95F73-E424-4C77-935E-B8F4CA9F3C2C}.Release|Any CPU.Build.0 = Release|Any CPU
		{190146A2-127B-4E95-BD31-96B7C8E89D97}.Debug|Any CPU.ActiveCfg = Debug|Any CPU
		{190146A2-127B-4E95-BD31-96B7C8E89D97}.Debug|Any CPU.Build.0 = Debug|Any CPU
		{190146A2-127B-4E95-BD31-96B7C8E89D97}.Release|Any CPU.ActiveCfg = Release|Any CPU
		{190146A2-127B-4E95-BD31-96B7C8E89D97}.Release|Any CPU.Build.0 = Release|Any CPU
		{64EC1CB5-865F-43AD-B791-ACF81864E046}.Debug|Any CPU.ActiveCfg = Debug|Any CPU
		{64EC1CB5-865F-43AD-B791-ACF81864E046}.Debug|Any CPU.Build.0 = Debug|Any CPU
		{64EC1CB5-865F-43AD-B791-ACF81864E046}.Release|Any CPU.ActiveCfg = Release|Any CPU
		{64EC1CB5-865F-43AD-B791-ACF81864E046}.Release|Any CPU.Build.0 = Release|Any CPU
		{1AB0AFFC-688F-4CC6-8D05-96EC6A78EA6C}.Debug|Any CPU.ActiveCfg = Debug|Any CPU
		{1AB0AFFC-688F-4CC6-8D05-96EC6A78EA6C}.Debug|Any CPU.Build.0 = Debug|Any CPU
		{1AB0AFFC-688F-4CC6-8D05-96EC6A78EA6C}.Release|Any CPU.ActiveCfg = Release|Any CPU
		{1AB0AFFC-688F-4CC6-8D05-96EC6A78EA6C}.Release|Any CPU.Build.0 = Release|Any CPU
	EndGlobalSection
	GlobalSection(SolutionProperties) = preSolution
		HideSolutionNode = FALSE
	EndGlobalSection
	GlobalSection(ExtensibilityGlobals) = postSolution
		SolutionGuid = {FEC53095-1B9F-4170-AE7F-F7833D672C55}
	EndGlobalSection
EndGlobal
